// !$*UTF8*$!
{
	archiveVersion = 1;
	classes = {
	};
	objectVersion = 55;
	objects = {

/* Begin PBXBuildFile section */
		BBED80AC323D0A50BAFA67B3 /* Pods_Messenger.framework in Frameworks */ = {isa = PBXBuildFile; fileRef = 2AA83EC2910AC7B25AF13700 /* Pods_Messenger.framework */; };
		CB20862C2701AD1D003C39DF /* AppDelegate.swift in Sources */ = {isa = PBXBuildFile; fileRef = CB20862B2701AD1D003C39DF /* AppDelegate.swift */; };
		CB20862E2701AD1D003C39DF /* SceneDelegate.swift in Sources */ = {isa = PBXBuildFile; fileRef = CB20862D2701AD1D003C39DF /* SceneDelegate.swift */; };
		CB2086302701AD1D003C39DF /* ConverstationsViewController.swift in Sources */ = {isa = PBXBuildFile; fileRef = CB20862F2701AD1D003C39DF /* ConverstationsViewController.swift */; };
		CB2086332701AD1D003C39DF /* Main.storyboard in Resources */ = {isa = PBXBuildFile; fileRef = CB2086312701AD1D003C39DF /* Main.storyboard */; };
		CB2086352701AD1E003C39DF /* Assets.xcassets in Resources */ = {isa = PBXBuildFile; fileRef = CB2086342701AD1E003C39DF /* Assets.xcassets */; };
		CB2086382701AD1E003C39DF /* LaunchScreen.storyboard in Resources */ = {isa = PBXBuildFile; fileRef = CB2086362701AD1E003C39DF /* LaunchScreen.storyboard */; };
		CB7C13FD2701B9850059609B /* LoginViewController.swift in Sources */ = {isa = PBXBuildFile; fileRef = CB7C13FC2701B9850059609B /* LoginViewController.swift */; };
		CB7C13FF2701B9990059609B /* RegisterViewController.swift in Sources */ = {isa = PBXBuildFile; fileRef = CB7C13FE2701B9990059609B /* RegisterViewController.swift */; };
		CB7C14012701B9BE0059609B /* PhotoViewerViewController.swift in Sources */ = {isa = PBXBuildFile; fileRef = CB7C14002701B9BE0059609B /* PhotoViewerViewController.swift */; };
		CB7C14032701B9CE0059609B /* VideoPlayerViewController.swift in Sources */ = {isa = PBXBuildFile; fileRef = CB7C14022701B9CE0059609B /* VideoPlayerViewController.swift */; };
		CB7C14052701B9F40059609B /* NewConverstationViewController.swift in Sources */ = {isa = PBXBuildFile; fileRef = CB7C14042701B9F40059609B /* NewConverstationViewController.swift */; };
		CB7C14072701BA0C0059609B /* ProfileViewController.swift in Sources */ = {isa = PBXBuildFile; fileRef = CB7C14062701BA0C0059609B /* ProfileViewController.swift */; };
		CB92E7392702292700441ADE /* Extensions.swift in Sources */ = {isa = PBXBuildFile; fileRef = CB92E7382702292700441ADE /* Extensions.swift */; };
		CBFBDBB12703480700BFE062 /* GoogleService-Info.plist in Resources */ = {isa = PBXBuildFile; fileRef = CBFBDBB02703480700BFE062 /* GoogleService-Info.plist */; };
/* End PBXBuildFile section */

/* Begin PBXFileReference section */
		2AA83EC2910AC7B25AF13700 /* Pods_Messenger.framework */ = {isa = PBXFileReference; explicitFileType = wrapper.framework; includeInIndex = 0; path = Pods_Messenger.framework; sourceTree = BUILT_PRODUCTS_DIR; };
		383AAC32DEE598872FB29B7F /* Pods-Messenger.debug.xcconfig */ = {isa = PBXFileReference; includeInIndex = 1; lastKnownFileType = text.xcconfig; name = "Pods-Messenger.debug.xcconfig"; path = "Target Support Files/Pods-Messenger/Pods-Messenger.debug.xcconfig"; sourceTree = "<group>"; };
		86304F5D88397EDF6FC135B7 /* Pods-Messenger.release.xcconfig */ = {isa = PBXFileReference; includeInIndex = 1; lastKnownFileType = text.xcconfig; name = "Pods-Messenger.release.xcconfig"; path = "Target Support Files/Pods-Messenger/Pods-Messenger.release.xcconfig"; sourceTree = "<group>"; };
		CB2086282701AD1D003C39DF /* Messenger.app */ = {isa = PBXFileReference; explicitFileType = wrapper.application; includeInIndex = 0; path = Messenger.app; sourceTree = BUILT_PRODUCTS_DIR; };
		CB20862B2701AD1D003C39DF /* AppDelegate.swift */ = {isa = PBXFileReference; lastKnownFileType = sourcecode.swift; path = AppDelegate.swift; sourceTree = "<group>"; };
		CB20862D2701AD1D003C39DF /* SceneDelegate.swift */ = {isa = PBXFileReference; lastKnownFileType = sourcecode.swift; path = SceneDelegate.swift; sourceTree = "<group>"; };
		CB20862F2701AD1D003C39DF /* ConverstationsViewController.swift */ = {isa = PBXFileReference; lastKnownFileType = sourcecode.swift; path = ConverstationsViewController.swift; sourceTree = "<group>"; };
		CB2086322701AD1D003C39DF /* Base */ = {isa = PBXFileReference; lastKnownFileType = file.storyboard; name = Base; path = Base.lproj/Main.storyboard; sourceTree = "<group>"; };
		CB2086342701AD1E003C39DF /* Assets.xcassets */ = {isa = PBXFileReference; lastKnownFileType = folder.assetcatalog; path = Assets.xcassets; sourceTree = "<group>"; };
		CB2086372701AD1E003C39DF /* Base */ = {isa = PBXFileReference; lastKnownFileType = file.storyboard; name = Base; path = Base.lproj/LaunchScreen.storyboard; sourceTree = "<group>"; };
		CB2086392701AD1E003C39DF /* Info.plist */ = {isa = PBXFileReference; lastKnownFileType = text.plist.xml; path = Info.plist; sourceTree = "<group>"; };
		CB7C13FC2701B9850059609B /* LoginViewController.swift */ = {isa = PBXFileReference; lastKnownFileType = sourcecode.swift; path = LoginViewController.swift; sourceTree = "<group>"; };
		CB7C13FE2701B9990059609B /* RegisterViewController.swift */ = {isa = PBXFileReference; lastKnownFileType = sourcecode.swift; path = RegisterViewController.swift; sourceTree = "<group>"; };
		CB7C14002701B9BE0059609B /* PhotoViewerViewController.swift */ = {isa = PBXFileReference; lastKnownFileType = sourcecode.swift; path = PhotoViewerViewController.swift; sourceTree = "<group>"; };
		CB7C14022701B9CE0059609B /* VideoPlayerViewController.swift */ = {isa = PBXFileReference; lastKnownFileType = sourcecode.swift; path = VideoPlayerViewController.swift; sourceTree = "<group>"; };
		CB7C14042701B9F40059609B /* NewConverstationViewController.swift */ = {isa = PBXFileReference; lastKnownFileType = sourcecode.swift; path = NewConverstationViewController.swift; sourceTree = "<group>"; };
		CB7C14062701BA0C0059609B /* ProfileViewController.swift */ = {isa = PBXFileReference; lastKnownFileType = sourcecode.swift; path = ProfileViewController.swift; sourceTree = "<group>"; };
		CB92E7382702292700441ADE /* Extensions.swift */ = {isa = PBXFileReference; lastKnownFileType = sourcecode.swift; path = Extensions.swift; sourceTree = "<group>"; };
		CBFBDBB02703480700BFE062 /* GoogleService-Info.plist */ = {isa = PBXFileReference; fileEncoding = 4; lastKnownFileType = text.plist.xml; path = "GoogleService-Info.plist"; sourceTree = "<group>"; };
/* End PBXFileReference section */

/* Begin PBXFrameworksBuildPhase section */
		CB2086252701AD1D003C39DF /* Frameworks */ = {
			isa = PBXFrameworksBuildPhase;
			buildActionMask = 2147483647;
			files = (
				BBED80AC323D0A50BAFA67B3 /* Pods_Messenger.framework in Frameworks */,
			);
			runOnlyForDeploymentPostprocessing = 0;
		};
/* End PBXFrameworksBuildPhase section */

/* Begin PBXGroup section */
		6CC67B1F31F51F06DC215E84 /* Frameworks */ = {
			isa = PBXGroup;
			children = (
				2AA83EC2910AC7B25AF13700 /* Pods_Messenger.framework */,
			);
			name = Frameworks;
			sourceTree = "<group>";
		};
		7CEAD48A917A2D69E5F244DB /* Pods */ = {
			isa = PBXGroup;
			children = (
				383AAC32DEE598872FB29B7F /* Pods-Messenger.debug.xcconfig */,
				86304F5D88397EDF6FC135B7 /* Pods-Messenger.release.xcconfig */,
			);
			path = Pods;
			sourceTree = "<group>";
		};
		CB20861F2701AD1D003C39DF = {
			isa = PBXGroup;
			children = (
				CB20862A2701AD1D003C39DF /* Messenger */,
				CB2086292701AD1D003C39DF /* Products */,
				7CEAD48A917A2D69E5F244DB /* Pods */,
				6CC67B1F31F51F06DC215E84 /* Frameworks */,
			);
			sourceTree = "<group>";
		};
		CB2086292701AD1D003C39DF /* Products */ = {
			isa = PBXGroup;
			children = (
				CB2086282701AD1D003C39DF /* Messenger.app */,
			);
			name = Products;
			sourceTree = "<group>";
		};
		CB20862A2701AD1D003C39DF /* Messenger */ = {
			isa = PBXGroup;
			children = (
				CBFBDBB02703480700BFE062 /* GoogleService-Info.plist */,
				CB2086422701AE96003C39DF /* Resources */,
				CB2086412701AE74003C39DF /* ViewModels */,
				CB2086442701AEE3003C39DF /* Models */,
				CB2086432701AEC5003C39DF /* Views */,
				CB20863F2701AE45003C39DF /* Controllers */,
				CB2086392701AD1E003C39DF /* Info.plist */,
			);
			path = Messenger;
			sourceTree = "<group>";
		};
		CB20863F2701AE45003C39DF /* Controllers */ = {
			isa = PBXGroup;
			children = (
				CB20862F2701AD1D003C39DF /* ConverstationsViewController.swift */,
				CB92E7372702251700441ADE /* Login */,
				CB7C14002701B9BE0059609B /* PhotoViewerViewController.swift */,
				CB7C14022701B9CE0059609B /* VideoPlayerViewController.swift */,
				CB7C14042701B9F40059609B /* NewConverstationViewController.swift */,
				CB7C14062701BA0C0059609B /* ProfileViewController.swift */,
			);
			path = Controllers;
			sourceTree = "<group>";
		};
		CB2086412701AE74003C39DF /* ViewModels */ = {
			isa = PBXGroup;
			children = (
			);
			path = ViewModels;
			sourceTree = "<group>";
		};
		CB2086422701AE96003C39DF /* Resources */ = {
			isa = PBXGroup;
			children = (
				CB20862B2701AD1D003C39DF /* AppDelegate.swift */,
				CB20862D2701AD1D003C39DF /* SceneDelegate.swift */,
				CB92E7382702292700441ADE /* Extensions.swift */,
			);
			path = Resources;
			sourceTree = "<group>";
		};
		CB2086432701AEC5003C39DF /* Views */ = {
			isa = PBXGroup;
			children = (
				CB2086452701AEFE003C39DF /* Storyboards */,
				CB2086342701AD1E003C39DF /* Assets.xcassets */,
			);
			path = Views;
			sourceTree = "<group>";
		};
		CB2086442701AEE3003C39DF /* Models */ = {
			isa = PBXGroup;
			children = (
			);
			path = Models;
			sourceTree = "<group>";
		};
		CB2086452701AEFE003C39DF /* Storyboards */ = {
			isa = PBXGroup;
			children = (
				CB2086312701AD1D003C39DF /* Main.storyboard */,
				CB2086362701AD1E003C39DF /* LaunchScreen.storyboard */,
			);
			path = Storyboards;
			sourceTree = "<group>";
		};
		CB92E7372702251700441ADE /* Login */ = {
			isa = PBXGroup;
			children = (
				CB7C13FC2701B9850059609B /* LoginViewController.swift */,
				CB7C13FE2701B9990059609B /* RegisterViewController.swift */,
			);
			path = Login;
			sourceTree = "<group>";
		};
/* End PBXGroup section */

/* Begin PBXNativeTarget section */
		CB2086272701AD1D003C39DF /* Messenger */ = {
			isa = PBXNativeTarget;
			buildConfigurationList = CB20863C2701AD1E003C39DF /* Build configuration list for PBXNativeTarget "Messenger" */;
			buildPhases = (
				6C997CCB9217E70EC30FBF75 /* [CP] Check Pods Manifest.lock */,
				CB2086242701AD1D003C39DF /* Sources */,
				CB2086252701AD1D003C39DF /* Frameworks */,
				CB2086262701AD1D003C39DF /* Resources */,
				04497D3D7D8468B6D82B9EF5 /* [CP] Embed Pods Frameworks */,
			);
			buildRules = (
			);
			dependencies = (
			);
			name = Messenger;
			productName = Messenger;
			productReference = CB2086282701AD1D003C39DF /* Messenger.app */;
			productType = "com.apple.product-type.application";
		};
/* End PBXNativeTarget section */

/* Begin PBXProject section */
		CB2086202701AD1D003C39DF /* Project object */ = {
			isa = PBXProject;
			attributes = {
				BuildIndependentTargetsInParallel = 1;
				LastSwiftUpdateCheck = 1300;
				LastUpgradeCheck = 1300;
				TargetAttributes = {
					CB2086272701AD1D003C39DF = {
						CreatedOnToolsVersion = 13.0;
					};
				};
			};
			buildConfigurationList = CB2086232701AD1D003C39DF /* Build configuration list for PBXProject "Messenger" */;
			compatibilityVersion = "Xcode 13.0";
			developmentRegion = en;
			hasScannedForEncodings = 0;
			knownRegions = (
				en,
				Base,
			);
			mainGroup = CB20861F2701AD1D003C39DF;
			productRefGroup = CB2086292701AD1D003C39DF /* Products */;
			projectDirPath = "";
			projectRoot = "";
			targets = (
				CB2086272701AD1D003C39DF /* Messenger */,
			);
		};
/* End PBXProject section */

/* Begin PBXResourcesBuildPhase section */
		CB2086262701AD1D003C39DF /* Resources */ = {
			isa = PBXResourcesBuildPhase;
			buildActionMask = 2147483647;
			files = (
				CB2086382701AD1E003C39DF /* LaunchScreen.storyboard in Resources */,
				CBFBDBB12703480700BFE062 /* GoogleService-Info.plist in Resources */,
				CB2086352701AD1E003C39DF /* Assets.xcassets in Resources */,
				CB2086332701AD1D003C39DF /* Main.storyboard in Resources */,
			);
			runOnlyForDeploymentPostprocessing = 0;
		};
/* End PBXResourcesBuildPhase section */

/* Begin PBXShellScriptBuildPhase section */
		04497D3D7D8468B6D82B9EF5 /* [CP] Embed Pods Frameworks */ = {
			isa = PBXShellScriptBuildPhase;
			buildActionMask = 2147483647;
			files = (
			);
			inputFileListPaths = (
				"${PODS_ROOT}/Target Support Files/Pods-Messenger/Pods-Messenger-frameworks-${CONFIGURATION}-input-files.xcfilelist",
			);
			name = "[CP] Embed Pods Frameworks";
			outputFileListPaths = (
				"${PODS_ROOT}/Target Support Files/Pods-Messenger/Pods-Messenger-frameworks-${CONFIGURATION}-output-files.xcfilelist",
			);
			runOnlyForDeploymentPostprocessing = 0;
			shellPath = /bin/sh;
			shellScript = "\"${PODS_ROOT}/Target Support Files/Pods-Messenger/Pods-Messenger-frameworks.sh\"\n";
			showEnvVarsInLog = 0;
		};
		6C997CCB9217E70EC30FBF75 /* [CP] Check Pods Manifest.lock */ = {
			isa = PBXShellScriptBuildPhase;
			buildActionMask = 2147483647;
			files = (
			);
			inputFileListPaths = (
			);
			inputPaths = (
				"${PODS_PODFILE_DIR_PATH}/Podfile.lock",
				"${PODS_ROOT}/Manifest.lock",
			);
			name = "[CP] Check Pods Manifest.lock";
			outputFileListPaths = (
			);
			outputPaths = (
				"$(DERIVED_FILE_DIR)/Pods-Messenger-checkManifestLockResult.txt",
			);
			runOnlyForDeploymentPostprocessing = 0;
			shellPath = /bin/sh;
			shellScript = "diff \"${PODS_PODFILE_DIR_PATH}/Podfile.lock\" \"${PODS_ROOT}/Manifest.lock\" > /dev/null\nif [ $? != 0 ] ; then\n    # print error to STDERR\n    echo \"error: The sandbox is not in sync with the Podfile.lock. Run 'pod install' or update your CocoaPods installation.\" >&2\n    exit 1\nfi\n# This output is used by Xcode 'outputs' to avoid re-running this script phase.\necho \"SUCCESS\" > \"${SCRIPT_OUTPUT_FILE_0}\"\n";
			showEnvVarsInLog = 0;
		};
/* End PBXShellScriptBuildPhase section */

/* Begin PBXSourcesBuildPhase section */
		CB2086242701AD1D003C39DF /* Sources */ = {
			isa = PBXSourcesBuildPhase;
			buildActionMask = 2147483647;
			files = (
				CB7C13FD2701B9850059609B /* LoginViewController.swift in Sources */,
				CB7C13FF2701B9990059609B /* RegisterViewController.swift in Sources */,
				CB2086302701AD1D003C39DF /* ConverstationsViewController.swift in Sources */,
				CB7C14032701B9CE0059609B /* VideoPlayerViewController.swift in Sources */,
				CB20862C2701AD1D003C39DF /* AppDelegate.swift in Sources */,
				CB92E7392702292700441ADE /* Extensions.swift in Sources */,
				CB20862E2701AD1D003C39DF /* SceneDelegate.swift in Sources */,
				CB7C14072701BA0C0059609B /* ProfileViewController.swift in Sources */,
				CB7C14012701B9BE0059609B /* PhotoViewerViewController.swift in Sources */,
				CB7C14052701B9F40059609B /* NewConverstationViewController.swift in Sources */,
			);
			runOnlyForDeploymentPostprocessing = 0;
		};
/* End PBXSourcesBuildPhase section */

/* Begin PBXVariantGroup section */
		CB2086312701AD1D003C39DF /* Main.storyboard */ = {
			isa = PBXVariantGroup;
			children = (
				CB2086322701AD1D003C39DF /* Base */,
			);
			name = Main.storyboard;
			sourceTree = "<group>";
		};
		CB2086362701AD1E003C39DF /* LaunchScreen.storyboard */ = {
			isa = PBXVariantGroup;
			children = (
				CB2086372701AD1E003C39DF /* Base */,
			);
			name = LaunchScreen.storyboard;
			sourceTree = "<group>";
		};
/* End PBXVariantGroup section */

/* Begin XCBuildConfiguration section */
		CB20863A2701AD1E003C39DF /* Debug */ = {
			isa = XCBuildConfiguration;
			buildSettings = {
				ALWAYS_SEARCH_USER_PATHS = NO;
				CLANG_ANALYZER_NONNULL = YES;
				CLANG_ANALYZER_NUMBER_OBJECT_CONVERSION = YES_AGGRESSIVE;
				CLANG_CXX_LANGUAGE_STANDARD = "gnu++17";
				CLANG_CXX_LIBRARY = "libc++";
				CLANG_ENABLE_MODULES = YES;
				CLANG_ENABLE_OBJC_ARC = YES;
				CLANG_ENABLE_OBJC_WEAK = YES;
				CLANG_WARN_BLOCK_CAPTURE_AUTORELEASING = YES;
				CLANG_WARN_BOOL_CONVERSION = YES;
				CLANG_WARN_COMMA = YES;
				CLANG_WARN_CONSTANT_CONVERSION = YES;
				CLANG_WARN_DEPRECATED_OBJC_IMPLEMENTATIONS = YES;
				CLANG_WARN_DIRECT_OBJC_ISA_USAGE = YES_ERROR;
				CLANG_WARN_DOCUMENTATION_COMMENTS = YES;
				CLANG_WARN_EMPTY_BODY = YES;
				CLANG_WARN_ENUM_CONVERSION = YES;
				CLANG_WARN_INFINITE_RECURSION = YES;
				CLANG_WARN_INT_CONVERSION = YES;
				CLANG_WARN_NON_LITERAL_NULL_CONVERSION = YES;
				CLANG_WARN_OBJC_IMPLICIT_RETAIN_SELF = YES;
				CLANG_WARN_OBJC_LITERAL_CONVERSION = YES;
				CLANG_WARN_OBJC_ROOT_CLASS = YES_ERROR;
				CLANG_WARN_QUOTED_INCLUDE_IN_FRAMEWORK_HEADER = YES;
				CLANG_WARN_RANGE_LOOP_ANALYSIS = YES;
				CLANG_WARN_STRICT_PROTOTYPES = YES;
				CLANG_WARN_SUSPICIOUS_MOVE = YES;
				CLANG_WARN_UNGUARDED_AVAILABILITY = YES_AGGRESSIVE;
				CLANG_WARN_UNREACHABLE_CODE = YES;
				CLANG_WARN__DUPLICATE_METHOD_MATCH = YES;
				COPY_PHASE_STRIP = NO;
				DEBUG_INFORMATION_FORMAT = dwarf;
				ENABLE_STRICT_OBJC_MSGSEND = YES;
				ENABLE_TESTABILITY = YES;
				GCC_C_LANGUAGE_STANDARD = gnu11;
				GCC_DYNAMIC_NO_PIC = NO;
				GCC_NO_COMMON_BLOCKS = YES;
				GCC_OPTIMIZATION_LEVEL = 0;
				GCC_PREPROCESSOR_DEFINITIONS = (
					"DEBUG=1",
					"$(inherited)",
				);
				GCC_WARN_64_TO_32_BIT_CONVERSION = YES;
				GCC_WARN_ABOUT_RETURN_TYPE = YES_ERROR;
				GCC_WARN_UNDECLARED_SELECTOR = YES;
				GCC_WARN_UNINITIALIZED_AUTOS = YES_AGGRESSIVE;
				GCC_WARN_UNUSED_FUNCTION = YES;
				GCC_WARN_UNUSED_VARIABLE = YES;
				IPHONEOS_DEPLOYMENT_TARGET = 15.0;
				MTL_ENABLE_DEBUG_INFO = INCLUDE_SOURCE;
				MTL_FAST_MATH = YES;
				ONLY_ACTIVE_ARCH = YES;
				SDKROOT = iphoneos;
				SWIFT_ACTIVE_COMPILATION_CONDITIONS = DEBUG;
				SWIFT_OPTIMIZATION_LEVEL = "-Onone";
			};
			name = Debug;
		};
		CB20863B2701AD1E003C39DF /* Release */ = {
			isa = XCBuildConfiguration;
			buildSettings = {
				ALWAYS_SEARCH_USER_PATHS = NO;
				CLANG_ANALYZER_NONNULL = YES;
				CLANG_ANALYZER_NUMBER_OBJECT_CONVERSION = YES_AGGRESSIVE;
				CLANG_CXX_LANGUAGE_STANDARD = "gnu++17";
				CLANG_CXX_LIBRARY = "libc++";
				CLANG_ENABLE_MODULES = YES;
				CLANG_ENABLE_OBJC_ARC = YES;
				CLANG_ENABLE_OBJC_WEAK = YES;
				CLANG_WARN_BLOCK_CAPTURE_AUTORELEASING = YES;
				CLANG_WARN_BOOL_CONVERSION = YES;
				CLANG_WARN_COMMA = YES;
				CLANG_WARN_CONSTANT_CONVERSION = YES;
				CLANG_WARN_DEPRECATED_OBJC_IMPLEMENTATIONS = YES;
				CLANG_WARN_DIRECT_OBJC_ISA_USAGE = YES_ERROR;
				CLANG_WARN_DOCUMENTATION_COMMENTS = YES;
				CLANG_WARN_EMPTY_BODY = YES;
				CLANG_WARN_ENUM_CONVERSION = YES;
				CLANG_WARN_INFINITE_RECURSION = YES;
				CLANG_WARN_INT_CONVERSION = YES;
				CLANG_WARN_NON_LITERAL_NULL_CONVERSION = YES;
				CLANG_WARN_OBJC_IMPLICIT_RETAIN_SELF = YES;
				CLANG_WARN_OBJC_LITERAL_CONVERSION = YES;
				CLANG_WARN_OBJC_ROOT_CLASS = YES_ERROR;
				CLANG_WARN_QUOTED_INCLUDE_IN_FRAMEWORK_HEADER = YES;
				CLANG_WARN_RANGE_LOOP_ANALYSIS = YES;
				CLANG_WARN_STRICT_PROTOTYPES = YES;
				CLANG_WARN_SUSPICIOUS_MOVE = YES;
				CLANG_WARN_UNGUARDED_AVAILABILITY = YES_AGGRESSIVE;
				CLANG_WARN_UNREACHABLE_CODE = YES;
				CLANG_WARN__DUPLICATE_METHOD_MATCH = YES;
				COPY_PHASE_STRIP = NO;
				DEBUG_INFORMATION_FORMAT = "dwarf-with-dsym";
				ENABLE_NS_ASSERTIONS = NO;
				ENABLE_STRICT_OBJC_MSGSEND = YES;
				GCC_C_LANGUAGE_STANDARD = gnu11;
				GCC_NO_COMMON_BLOCKS = YES;
				GCC_WARN_64_TO_32_BIT_CONVERSION = YES;
				GCC_WARN_ABOUT_RETURN_TYPE = YES_ERROR;
				GCC_WARN_UNDECLARED_SELECTOR = YES;
				GCC_WARN_UNINITIALIZED_AUTOS = YES_AGGRESSIVE;
				GCC_WARN_UNUSED_FUNCTION = YES;
				GCC_WARN_UNUSED_VARIABLE = YES;
				IPHONEOS_DEPLOYMENT_TARGET = 15.0;
				MTL_ENABLE_DEBUG_INFO = NO;
				MTL_FAST_MATH = YES;
				SDKROOT = iphoneos;
				SWIFT_COMPILATION_MODE = wholemodule;
				SWIFT_OPTIMIZATION_LEVEL = "-O";
				VALIDATE_PRODUCT = YES;
			};
			name = Release;
		};
		CB20863D2701AD1E003C39DF /* Debug */ = {
			isa = XCBuildConfiguration;
			baseConfigurationReference = 383AAC32DEE598872FB29B7F /* Pods-Messenger.debug.xcconfig */;
			buildSettings = {
				ASSETCATALOG_COMPILER_APPICON_NAME = AppIcon;
				ASSETCATALOG_COMPILER_GLOBAL_ACCENT_COLOR_NAME = AccentColor;
				CODE_SIGN_STYLE = Automatic;
				CURRENT_PROJECT_VERSION = 1;
				DEVELOPMENT_TEAM = 3Y8YH8GWMM;
				GENERATE_INFOPLIST_FILE = YES;
				INFOPLIST_FILE = Messenger/Info.plist;
				INFOPLIST_KEY_NSCameraUsageDescription = "Please allow access to take a profile picture";
				INFOPLIST_KEY_NSPhotoLibraryAddUsageDescription = "Please allow access to select a photo for your profile";
				INFOPLIST_KEY_UIApplicationSupportsIndirectInputEvents = YES;
				INFOPLIST_KEY_UILaunchStoryboardName = LaunchScreen;
				INFOPLIST_KEY_UIMainStoryboardFile = Main;
				INFOPLIST_KEY_UISupportedInterfaceOrientations = UIInterfaceOrientationPortrait;
				INFOPLIST_KEY_UISupportedInterfaceOrientations_iPad = "UIInterfaceOrientationPortrait UIInterfaceOrientationPortraitUpsideDown";
				INFOPLIST_KEY_UISupportedInterfaceOrientations_iPhone = "UIInterfaceOrientationPortrait UIInterfaceOrientationLandscapeLeft UIInterfaceOrientationLandscapeRight";
				LD_RUNPATH_SEARCH_PATHS = (
					"$(inherited)",
					"@executable_path/Frameworks",
				);
				MARKETING_VERSION = 1.0;
				PRODUCT_BUNDLE_IDENTIFIER = "-";
				PRODUCT_NAME = "$(TARGET_NAME)";
				SWIFT_EMIT_LOC_STRINGS = YES;
				SWIFT_VERSION = 5.0;
				TARGETED_DEVICE_FAMILY = "1,2";
			};
			name = Debug;
		};
		CB20863E2701AD1E003C39DF /* Release */ = {
			isa = XCBuildConfiguration;
			baseConfigurationReference = 86304F5D88397EDF6FC135B7 /* Pods-Messenger.release.xcconfig */;
			buildSettings = {
				ASSETCATALOG_COMPILER_APPICON_NAME = AppIcon;
				ASSETCATALOG_COMPILER_GLOBAL_ACCENT_COLOR_NAME = AccentColor;
				CODE_SIGN_STYLE = Automatic;
				CURRENT_PROJECT_VERSION = 1;
				DEVELOPMENT_TEAM = 3Y8YH8GWMM;
				GENERATE_INFOPLIST_FILE = YES;
				INFOPLIST_FILE = Messenger/Info.plist;
				INFOPLIST_KEY_NSCameraUsageDescription = "Please allow access to take a profile picture";
				INFOPLIST_KEY_NSPhotoLibraryAddUsageDescription = "Please allow access to select a photo for your profile";
				INFOPLIST_KEY_UIApplicationSupportsIndirectInputEvents = YES;
				INFOPLIST_KEY_UILaunchStoryboardName = LaunchScreen;
				INFOPLIST_KEY_UIMainStoryboardFile = Main;
				INFOPLIST_KEY_UISupportedInterfaceOrientations = UIInterfaceOrientationPortrait;
				INFOPLIST_KEY_UISupportedInterfaceOrientations_iPad = "UIInterfaceOrientationPortrait UIInterfaceOrientationPortraitUpsideDown";
				INFOPLIST_KEY_UISupportedInterfaceOrientations_iPhone = "UIInterfaceOrientationPortrait UIInterfaceOrientationLandscapeLeft UIInterfaceOrientationLandscapeRight";
				LD_RUNPATH_SEARCH_PATHS = (
					"$(inherited)",
					"@executable_path/Frameworks",
				);
				MARKETING_VERSION = 1.0;
				PRODUCT_BUNDLE_IDENTIFIER = "-";
				PRODUCT_NAME = "$(TARGET_NAME)";
				SWIFT_EMIT_LOC_STRINGS = YES;
				SWIFT_VERSION = 5.0;
				TARGETED_DEVICE_FAMILY = "1,2";
			};
			name = Release;
		};
/* End XCBuildConfiguration section */

/* Begin XCConfigurationList section */
		CB2086232701AD1D003C39DF /* Build configuration list for PBXProject "Messenger" */ = {
			isa = XCConfigurationList;
			buildConfigurations = (
				CB20863A2701AD1E003C39DF /* Debug */,
				CB20863B2701AD1E003C39DF /* Release */,
			);
			defaultConfigurationIsVisible = 0;
			defaultConfigurationName = Release;
		};
		CB20863C2701AD1E003C39DF /* Build configuration list for PBXNativeTarget "Messenger" */ = {
			isa = XCConfigurationList;
			buildConfigurations = (
				CB20863D2701AD1E003C39DF /* Debug */,
				CB20863E2701AD1E003C39DF /* Release */,
			);
			defaultConfigurationIsVisible = 0;
			defaultConfigurationName = Release;
		};
/* End XCConfigurationList section */
	};
	rootObject = CB2086202701AD1D003C39DF /* Project object */;
}
